// !$*UTF8*$!
{
	archiveVersion = 1;
	classes = {
	};
	objectVersion = 50;
	objects = {

/* Begin PBXBuildFile section */
		09E9F799344CD76A62D266EB /* Pods_HelloRxSwift.framework in Frameworks */ = {isa = PBXBuildFile; fileRef = 368AA351DE454C96F437E9D1 /* Pods_HelloRxSwift.framework */; };
		211CA374F7DE93B450BD8A6D /* Pods_HelloRxSwift_HelloRxSwiftUITests.framework in Frameworks */ = {isa = PBXBuildFile; fileRef = C0A2745869492FE452148C18 /* Pods_HelloRxSwift_HelloRxSwiftUITests.framework */; };
		4F97F890267B1BC0001DB8A7 /* AppDelegate.swift in Sources */ = {isa = PBXBuildFile; fileRef = 4F97F88F267B1BC0001DB8A7 /* AppDelegate.swift */; };
		4F97F892267B1BC0001DB8A7 /* SceneDelegate.swift in Sources */ = {isa = PBXBuildFile; fileRef = 4F97F891267B1BC0001DB8A7 /* SceneDelegate.swift */; };
		4F97F894267B1BC0001DB8A7 /* ViewController.swift in Sources */ = {isa = PBXBuildFile; fileRef = 4F97F893267B1BC0001DB8A7 /* ViewController.swift */; };
		4F97F897267B1BC0001DB8A7 /* Main.storyboard in Resources */ = {isa = PBXBuildFile; fileRef = 4F97F895267B1BC0001DB8A7 /* Main.storyboard */; };
		4F97F899267B1BC2001DB8A7 /* Assets.xcassets in Resources */ = {isa = PBXBuildFile; fileRef = 4F97F898267B1BC2001DB8A7 /* Assets.xcassets */; };
		4F97F89C267B1BC2001DB8A7 /* LaunchScreen.storyboard in Resources */ = {isa = PBXBuildFile; fileRef = 4F97F89A267B1BC2001DB8A7 /* LaunchScreen.storyboard */; };
		4F97F8A7267B1BC2001DB8A7 /* HelloRxSwiftTests.swift in Sources */ = {isa = PBXBuildFile; fileRef = 4F97F8A6267B1BC2001DB8A7 /* HelloRxSwiftTests.swift */; };
		4F97F8B2267B1BC2001DB8A7 /* HelloRxSwiftUITests.swift in Sources */ = {isa = PBXBuildFile; fileRef = 4F97F8B1267B1BC2001DB8A7 /* HelloRxSwiftUITests.swift */; };
		67B8254DD390196133BDEB6C /* Pods_HelloRxSwiftTests.framework in Frameworks */ = {isa = PBXBuildFile; fileRef = 72AECB135145541E33AFCCC2 /* Pods_HelloRxSwiftTests.framework */; };
/* End PBXBuildFile section */

/* Begin PBXContainerItemProxy section */
		4F97F8A3267B1BC2001DB8A7 /* PBXContainerItemProxy */ = {
			isa = PBXContainerItemProxy;
			containerPortal = 4F97F884267B1BC0001DB8A7 /* Project object */;
			proxyType = 1;
			remoteGlobalIDString = 4F97F88B267B1BC0001DB8A7;
			remoteInfo = HelloRxSwift;
		};
		4F97F8AE267B1BC2001DB8A7 /* PBXContainerItemProxy */ = {
			isa = PBXContainerItemProxy;
			containerPortal = 4F97F884267B1BC0001DB8A7 /* Project object */;
			proxyType = 1;
			remoteGlobalIDString = 4F97F88B267B1BC0001DB8A7;
			remoteInfo = HelloRxSwift;
		};
/* End PBXContainerItemProxy section */

/* Begin PBXFileReference section */
		368AA351DE454C96F437E9D1 /* Pods_HelloRxSwift.framework */ = {isa = PBXFileReference; explicitFileType = wrapper.framework; includeInIndex = 0; path = Pods_HelloRxSwift.framework; sourceTree = BUILT_PRODUCTS_DIR; };
		447C8AB29ACA414FFE2FD04A /* Pods-HelloRxSwift.release.xcconfig */ = {isa = PBXFileReference; includeInIndex = 1; lastKnownFileType = text.xcconfig; name = "Pods-HelloRxSwift.release.xcconfig"; path = "Target Support Files/Pods-HelloRxSwift/Pods-HelloRxSwift.release.xcconfig"; sourceTree = "<group>"; };
		4F97F88C267B1BC0001DB8A7 /* HelloRxSwift.app */ = {isa = PBXFileReference; explicitFileType = wrapper.application; includeInIndex = 0; path = HelloRxSwift.app; sourceTree = BUILT_PRODUCTS_DIR; };
		4F97F88F267B1BC0001DB8A7 /* AppDelegate.swift */ = {isa = PBXFileReference; lastKnownFileType = sourcecode.swift; path = AppDelegate.swift; sourceTree = "<group>"; };
		4F97F891267B1BC0001DB8A7 /* SceneDelegate.swift */ = {isa = PBXFileReference; lastKnownFileType = sourcecode.swift; path = SceneDelegate.swift; sourceTree = "<group>"; };
		4F97F893267B1BC0001DB8A7 /* ViewController.swift */ = {isa = PBXFileReference; lastKnownFileType = sourcecode.swift; path = ViewController.swift; sourceTree = "<group>"; };
		4F97F896267B1BC0001DB8A7 /* Base */ = {isa = PBXFileReference; lastKnownFileType = file.storyboard; name = Base; path = Base.lproj/Main.storyboard; sourceTree = "<group>"; };
		4F97F898267B1BC2001DB8A7 /* Assets.xcassets */ = {isa = PBXFileReference; lastKnownFileType = folder.assetcatalog; path = Assets.xcassets; sourceTree = "<group>"; };
		4F97F89B267B1BC2001DB8A7 /* Base */ = {isa = PBXFileReference; lastKnownFileType = file.storyboard; name = Base; path = Base.lproj/LaunchScreen.storyboard; sourceTree = "<group>"; };
		4F97F89D267B1BC2001DB8A7 /* Info.plist */ = {isa = PBXFileReference; lastKnownFileType = text.plist.xml; path = Info.plist; sourceTree = "<group>"; };
		4F97F8A2267B1BC2001DB8A7 /* HelloRxSwiftTests.xctest */ = {isa = PBXFileReference; explicitFileType = wrapper.cfbundle; includeInIndex = 0; path = HelloRxSwiftTests.xctest; sourceTree = BUILT_PRODUCTS_DIR; };
		4F97F8A6267B1BC2001DB8A7 /* HelloRxSwiftTests.swift */ = {isa = PBXFileReference; lastKnownFileType = sourcecode.swift; path = HelloRxSwiftTests.swift; sourceTree = "<group>"; };
		4F97F8A8267B1BC2001DB8A7 /* Info.plist */ = {isa = PBXFileReference; lastKnownFileType = text.plist.xml; path = Info.plist; sourceTree = "<group>"; };
		4F97F8AD267B1BC2001DB8A7 /* HelloRxSwiftUITests.xctest */ = {isa = PBXFileReference; explicitFileType = wrapper.cfbundle; includeInIndex = 0; path = HelloRxSwiftUITests.xctest; sourceTree = BUILT_PRODUCTS_DIR; };
		4F97F8B1267B1BC2001DB8A7 /* HelloRxSwiftUITests.swift */ = {isa = PBXFileReference; lastKnownFileType = sourcecode.swift; path = HelloRxSwiftUITests.swift; sourceTree = "<group>"; };
		4F97F8B3267B1BC2001DB8A7 /* Info.plist */ = {isa = PBXFileReference; lastKnownFileType = text.plist.xml; path = Info.plist; sourceTree = "<group>"; };
		72AECB135145541E33AFCCC2 /* Pods_HelloRxSwiftTests.framework */ = {isa = PBXFileReference; explicitFileType = wrapper.framework; includeInIndex = 0; path = Pods_HelloRxSwiftTests.framework; sourceTree = BUILT_PRODUCTS_DIR; };
		9B3F9673BAF934BDFD0BEAD8 /* Pods-HelloRxSwiftTests.debug.xcconfig */ = {isa = PBXFileReference; includeInIndex = 1; lastKnownFileType = text.xcconfig; name = "Pods-HelloRxSwiftTests.debug.xcconfig"; path = "Target Support Files/Pods-HelloRxSwiftTests/Pods-HelloRxSwiftTests.debug.xcconfig"; sourceTree = "<group>"; };
		9C4F26934F933B2C5FD93A46 /* Pods-HelloRxSwift-HelloRxSwiftUITests.debug.xcconfig */ = {isa = PBXFileReference; includeInIndex = 1; lastKnownFileType = text.xcconfig; name = "Pods-HelloRxSwift-HelloRxSwiftUITests.debug.xcconfig"; path = "Target Support Files/Pods-HelloRxSwift-HelloRxSwiftUITests/Pods-HelloRxSwift-HelloRxSwiftUITests.debug.xcconfig"; sourceTree = "<group>"; };
		AF16637980B887DCEFE2DFC6 /* Pods-HelloRxSwift-HelloRxSwiftUITests.release.xcconfig */ = {isa = PBXFileReference; includeInIndex = 1; lastKnownFileType = text.xcconfig; name = "Pods-HelloRxSwift-HelloRxSwiftUITests.release.xcconfig"; path = "Target Support Files/Pods-HelloRxSwift-HelloRxSwiftUITests/Pods-HelloRxSwift-HelloRxSwiftUITests.release.xcconfig"; sourceTree = "<group>"; };
		C0A2745869492FE452148C18 /* Pods_HelloRxSwift_HelloRxSwiftUITests.framework */ = {isa = PBXFileReference; explicitFileType = wrapper.framework; includeInIndex = 0; path = Pods_HelloRxSwift_HelloRxSwiftUITests.framework; sourceTree = BUILT_PRODUCTS_DIR; };
		ED6DC955578D19EBC683F41C /* Pods-HelloRxSwiftTests.release.xcconfig */ = {isa = PBXFileReference; includeInIndex = 1; lastKnownFileType = text.xcconfig; name = "Pods-HelloRxSwiftTests.release.xcconfig"; path = "Target Support Files/Pods-HelloRxSwiftTests/Pods-HelloRxSwiftTests.release.xcconfig"; sourceTree = "<group>"; };
		F9CD1186EE5B1EFADABBDD9B /* Pods-HelloRxSwift.debug.xcconfig */ = {isa = PBXFileReference; includeInIndex = 1; lastKnownFileType = text.xcconfig; name = "Pods-HelloRxSwift.debug.xcconfig"; path = "Target Support Files/Pods-HelloRxSwift/Pods-HelloRxSwift.debug.xcconfig"; sourceTree = "<group>"; };
/* End PBXFileReference section */

/* Begin PBXFrameworksBuildPhase section */
		4F97F889267B1BC0001DB8A7 /* Frameworks */ = {
			isa = PBXFrameworksBuildPhase;
			buildActionMask = 2147483647;
			files = (
				09E9F799344CD76A62D266EB /* Pods_HelloRxSwift.framework in Frameworks */,
			);
			runOnlyForDeploymentPostprocessing = 0;
		};
		4F97F89F267B1BC2001DB8A7 /* Frameworks */ = {
			isa = PBXFrameworksBuildPhase;
			buildActionMask = 2147483647;
			files = (
				67B8254DD390196133BDEB6C /* Pods_HelloRxSwiftTests.framework in Frameworks */,
			);
			runOnlyForDeploymentPostprocessing = 0;
		};
		4F97F8AA267B1BC2001DB8A7 /* Frameworks */ = {
			isa = PBXFrameworksBuildPhase;
			buildActionMask = 2147483647;
			files = (
				211CA374F7DE93B450BD8A6D /* Pods_HelloRxSwift_HelloRxSwiftUITests.framework in Frameworks */,
			);
			runOnlyForDeploymentPostprocessing = 0;
		};
/* End PBXFrameworksBuildPhase section */

/* Begin PBXGroup section */
		2F1D598C9FB1438880DF75F2 /* Frameworks */ = {
			isa = PBXGroup;
			children = (
				368AA351DE454C96F437E9D1 /* Pods_HelloRxSwift.framework */,
				C0A2745869492FE452148C18 /* Pods_HelloRxSwift_HelloRxSwiftUITests.framework */,
				72AECB135145541E33AFCCC2 /* Pods_HelloRxSwiftTests.framework */,
			);
			name = Frameworks;
			sourceTree = "<group>";
		};
		4F97F883267B1BC0001DB8A7 = {
			isa = PBXGroup;
			children = (
				4F97F88E267B1BC0001DB8A7 /* HelloRxSwift */,
				4F97F8A5267B1BC2001DB8A7 /* HelloRxSwiftTests */,
				4F97F8B0267B1BC2001DB8A7 /* HelloRxSwiftUITests */,
				4F97F88D267B1BC0001DB8A7 /* Products */,
				5DF590C14C563DF537D2BA47 /* Pods */,
				2F1D598C9FB1438880DF75F2 /* Frameworks */,
			);
			sourceTree = "<group>";
		};
		4F97F88D267B1BC0001DB8A7 /* Products */ = {
			isa = PBXGroup;
			children = (
				4F97F88C267B1BC0001DB8A7 /* HelloRxSwift.app */,
				4F97F8A2267B1BC2001DB8A7 /* HelloRxSwiftTests.xctest */,
				4F97F8AD267B1BC2001DB8A7 /* HelloRxSwiftUITests.xctest */,
			);
			name = Products;
			sourceTree = "<group>";
		};
		4F97F88E267B1BC0001DB8A7 /* HelloRxSwift */ = {
			isa = PBXGroup;
			children = (
				4F97F88F267B1BC0001DB8A7 /* AppDelegate.swift */,
				4F97F891267B1BC0001DB8A7 /* SceneDelegate.swift */,
				4F97F893267B1BC0001DB8A7 /* ViewController.swift */,
				4F97F895267B1BC0001DB8A7 /* Main.storyboard */,
				4F97F898267B1BC2001DB8A7 /* Assets.xcassets */,
				4F97F89A267B1BC2001DB8A7 /* LaunchScreen.storyboard */,
				4F97F89D267B1BC2001DB8A7 /* Info.plist */,
			);
			path = HelloRxSwift;
			sourceTree = "<group>";
		};
		4F97F8A5267B1BC2001DB8A7 /* HelloRxSwiftTests */ = {
			isa = PBXGroup;
			children = (
				4F97F8A6267B1BC2001DB8A7 /* HelloRxSwiftTests.swift */,
				4F97F8A8267B1BC2001DB8A7 /* Info.plist */,
			);
			path = HelloRxSwiftTests;
			sourceTree = "<group>";
		};
		4F97F8B0267B1BC2001DB8A7 /* HelloRxSwiftUITests */ = {
			isa = PBXGroup;
			children = (
				4F97F8B1267B1BC2001DB8A7 /* HelloRxSwiftUITests.swift */,
				4F97F8B3267B1BC2001DB8A7 /* Info.plist */,
			);
			path = HelloRxSwiftUITests;
			sourceTree = "<group>";
		};
		5DF590C14C563DF537D2BA47 /* Pods */ = {
			isa = PBXGroup;
			children = (
				F9CD1186EE5B1EFADABBDD9B /* Pods-HelloRxSwift.debug.xcconfig */,
				447C8AB29ACA414FFE2FD04A /* Pods-HelloRxSwift.release.xcconfig */,
				9C4F26934F933B2C5FD93A46 /* Pods-HelloRxSwift-HelloRxSwiftUITests.debug.xcconfig */,
				AF16637980B887DCEFE2DFC6 /* Pods-HelloRxSwift-HelloRxSwiftUITests.release.xcconfig */,
				9B3F9673BAF934BDFD0BEAD8 /* Pods-HelloRxSwiftTests.debug.xcconfig */,
				ED6DC955578D19EBC683F41C /* Pods-HelloRxSwiftTests.release.xcconfig */,
			);
			name = Pods;
			path = Pods;
			sourceTree = "<group>";
		};
/* End PBXGroup section */

/* Begin PBXNativeTarget section */
		4F97F88B267B1BC0001DB8A7 /* HelloRxSwift */ = {
			isa = PBXNativeTarget;
			buildConfigurationList = 4F97F8B6267B1BC2001DB8A7 /* Build configuration list for PBXNativeTarget "HelloRxSwift" */;
			buildPhases = (
				3CBDCD729B270D1D80651617 /* [CP] Check Pods Manifest.lock */,
				4F97F888267B1BC0001DB8A7 /* Sources */,
				4F97F889267B1BC0001DB8A7 /* Frameworks */,
				4F97F88A267B1BC0001DB8A7 /* Resources */,
				6AF6C21F2DE89F9B44AF43D6 /* [CP] Embed Pods Frameworks */,
			);
			buildRules = (
			);
			dependencies = (
			);
			name = HelloRxSwift;
			productName = HelloRxSwift;
			productReference = 4F97F88C267B1BC0001DB8A7 /* HelloRxSwift.app */;
			productType = "com.apple.product-type.application";
		};
		4F97F8A1267B1BC2001DB8A7 /* HelloRxSwiftTests */ = {
			isa = PBXNativeTarget;
			buildConfigurationList = 4F97F8B9267B1BC2001DB8A7 /* Build configuration list for PBXNativeTarget "HelloRxSwiftTests" */;
			buildPhases = (
				6C8802E407D95C9D38FE5D22 /* [CP] Check Pods Manifest.lock */,
				4F97F89E267B1BC2001DB8A7 /* Sources */,
				4F97F89F267B1BC2001DB8A7 /* Frameworks */,
				4F97F8A0267B1BC2001DB8A7 /* Resources */,
			);
			buildRules = (
			);
			dependencies = (
				4F97F8A4267B1BC2001DB8A7 /* PBXTargetDependency */,
			);
			name = HelloRxSwiftTests;
			productName = HelloRxSwiftTests;
			productReference = 4F97F8A2267B1BC2001DB8A7 /* HelloRxSwiftTests.xctest */;
			productType = "com.apple.product-type.bundle.unit-test";
		};
		4F97F8AC267B1BC2001DB8A7 /* HelloRxSwiftUITests */ = {
			isa = PBXNativeTarget;
			buildConfigurationList = 4F97F8BC267B1BC2001DB8A7 /* Build configuration list for PBXNativeTarget "HelloRxSwiftUITests" */;
			buildPhases = (
				8A78B598DDDB63A2BEBB6C66 /* [CP] Check Pods Manifest.lock */,
				4F97F8A9267B1BC2001DB8A7 /* Sources */,
				4F97F8AA267B1BC2001DB8A7 /* Frameworks */,
				4F97F8AB267B1BC2001DB8A7 /* Resources */,
				C81C147259E0745B66EC1B0E /* [CP] Embed Pods Frameworks */,
			);
			buildRules = (
			);
			dependencies = (
				4F97F8AF267B1BC2001DB8A7 /* PBXTargetDependency */,
			);
			name = HelloRxSwiftUITests;
			productName = HelloRxSwiftUITests;
			productReference = 4F97F8AD267B1BC2001DB8A7 /* HelloRxSwiftUITests.xctest */;
			productType = "com.apple.product-type.bundle.ui-testing";
		};
/* End PBXNativeTarget section */

/* Begin PBXProject section */
		4F97F884267B1BC0001DB8A7 /* Project object */ = {
			isa = PBXProject;
			attributes = {
				LastSwiftUpdateCheck = 1250;
				LastUpgradeCheck = 1250;
				TargetAttributes = {
					4F97F88B267B1BC0001DB8A7 = {
						CreatedOnToolsVersion = 12.5;
					};
					4F97F8A1267B1BC2001DB8A7 = {
						CreatedOnToolsVersion = 12.5;
						TestTargetID = 4F97F88B267B1BC0001DB8A7;
					};
					4F97F8AC267B1BC2001DB8A7 = {
						CreatedOnToolsVersion = 12.5;
						TestTargetID = 4F97F88B267B1BC0001DB8A7;
					};
				};
			};
			buildConfigurationList = 4F97F887267B1BC0001DB8A7 /* Build configuration list for PBXProject "HelloRxSwift" */;
			compatibilityVersion = "Xcode 9.3";
			developmentRegion = en;
			hasScannedForEncodings = 0;
			knownRegions = (
				en,
				Base,
			);
			mainGroup = 4F97F883267B1BC0001DB8A7;
			productRefGroup = 4F97F88D267B1BC0001DB8A7 /* Products */;
			projectDirPath = "";
			projectRoot = "";
			targets = (
				4F97F88B267B1BC0001DB8A7 /* HelloRxSwift */,
				4F97F8A1267B1BC2001DB8A7 /* HelloRxSwiftTests */,
				4F97F8AC267B1BC2001DB8A7 /* HelloRxSwiftUITests */,
			);
		};
/* End PBXProject section */

/* Begin PBXResourcesBuildPhase section */
		4F97F88A267B1BC0001DB8A7 /* Resources */ = {
			isa = PBXResourcesBuildPhase;
			buildActionMask = 2147483647;
			files = (
				4F97F89C267B1BC2001DB8A7 /* LaunchScreen.storyboard in Resources */,
				4F97F899267B1BC2001DB8A7 /* Assets.xcassets in Resources */,
				4F97F897267B1BC0001DB8A7 /* Main.storyboard in Resources */,
			);
			runOnlyForDeploymentPostprocessing = 0;
		};
		4F97F8A0267B1BC2001DB8A7 /* Resources */ = {
			isa = PBXResourcesBuildPhase;
			buildActionMask = 2147483647;
			files = (
			);
			runOnlyForDeploymentPostprocessing = 0;
		};
		4F97F8AB267B1BC2001DB8A7 /* Resources */ = {
			isa = PBXResourcesBuildPhase;
			buildActionMask = 2147483647;
			files = (
			);
			runOnlyForDeploymentPostprocessing = 0;
		};
/* End PBXResourcesBuildPhase section */

/* Begin PBXShellScriptBuildPhase section */
		3CBDCD729B270D1D80651617 /* [CP] Check Pods Manifest.lock */ = {
			isa = PBXShellScriptBuildPhase;
			buildActionMask = 2147483647;
			files = (
			);
			inputFileListPaths = (
			);
			inputPaths = (
				"${PODS_PODFILE_DIR_PATH}/Podfile.lock",
				"${PODS_ROOT}/Manifest.lock",
			);
			name = "[CP] Check Pods Manifest.lock";
			outputFileListPaths = (
			);
			outputPaths = (
				"$(DERIVED_FILE_DIR)/Pods-HelloRxSwift-checkManifestLockResult.txt",
			);
			runOnlyForDeploymentPostprocessing = 0;
			shellPath = /bin/sh;
			shellScript = "diff \"${PODS_PODFILE_DIR_PATH}/Podfile.lock\" \"${PODS_ROOT}/Manifest.lock\" > /dev/null\nif [ $? != 0 ] ; then\n    # print error to STDERR\n    echo \"error: The sandbox is not in sync with the Podfile.lock. Run 'pod install' or update your CocoaPods installation.\" >&2\n    exit 1\nfi\n# This output is used by Xcode 'outputs' to avoid re-running this script phase.\necho \"SUCCESS\" > \"${SCRIPT_OUTPUT_FILE_0}\"\n";
			showEnvVarsInLog = 0;
		};
		6AF6C21F2DE89F9B44AF43D6 /* [CP] Embed Pods Frameworks */ = {
			isa = PBXShellScriptBuildPhase;
			buildActionMask = 2147483647;
			files = (
			);
			inputFileListPaths = (
				"${PODS_ROOT}/Target Support Files/Pods-HelloRxSwift/Pods-HelloRxSwift-frameworks-${CONFIGURATION}-input-files.xcfilelist",
			);
			name = "[CP] Embed Pods Frameworks";
			outputFileListPaths = (
				"${PODS_ROOT}/Target Support Files/Pods-HelloRxSwift/Pods-HelloRxSwift-frameworks-${CONFIGURATION}-output-files.xcfilelist",
			);
			runOnlyForDeploymentPostprocessing = 0;
			shellPath = /bin/sh;
			shellScript = "\"${PODS_ROOT}/Target Support Files/Pods-HelloRxSwift/Pods-HelloRxSwift-frameworks.sh\"\n";
			showEnvVarsInLog = 0;
		};
		6C8802E407D95C9D38FE5D22 /* [CP] Check Pods Manifest.lock */ = {
			isa = PBXShellScriptBuildPhase;
			buildActionMask = 2147483647;
			files = (
			);
			inputFileListPaths = (
			);
			inputPaths = (
				"${PODS_PODFILE_DIR_PATH}/Podfile.lock",
				"${PODS_ROOT}/Manifest.lock",
			);
			name = "[CP] Check Pods Manifest.lock";
			outputFileListPaths = (
			);
			outputPaths = (
				"$(DERIVED_FILE_DIR)/Pods-HelloRxSwiftTests-checkManifestLockResult.txt",
			);
			runOnlyForDeploymentPostprocessing = 0;
			shellPath = /bin/sh;
			shellScript = "diff \"${PODS_PODFILE_DIR_PATH}/Podfile.lock\" \"${PODS_ROOT}/Manifest.lock\" > /dev/null\nif [ $? != 0 ] ; then\n    # print error to STDERR\n    echo \"error: The sandbox is not in sync with the Podfile.lock. Run 'pod install' or update your CocoaPods installation.\" >&2\n    exit 1\nfi\n# This output is used by Xcode 'outputs' to avoid re-running this script phase.\necho \"SUCCESS\" > \"${SCRIPT_OUTPUT_FILE_0}\"\n";
			showEnvVarsInLog = 0;
		};
		8A78B598DDDB63A2BEBB6C66 /* [CP] Check Pods Manifest.lock */ = {
			isa = PBXShellScriptBuildPhase;
			buildActionMask = 2147483647;
			files = (
			);
			inputFileListPaths = (
			);
			inputPaths = (
				"${PODS_PODFILE_DIR_PATH}/Podfile.lock",
				"${PODS_ROOT}/Manifest.lock",
			);
			name = "[CP] Check Pods Manifest.lock";
			outputFileListPaths = (
			);
			outputPaths = (
				"$(DERIVED_FILE_DIR)/Pods-HelloRxSwift-HelloRxSwiftUITests-checkManifestLockResult.txt",
			);
			runOnlyForDeploymentPostprocessing = 0;
			shellPath = /bin/sh;
			shellScript = "diff \"${PODS_PODFILE_DIR_PATH}/Podfile.lock\" \"${PODS_ROOT}/Manifest.lock\" > /dev/null\nif [ $? != 0 ] ; then\n    # print error to STDERR\n    echo \"error: The sandbox is not in sync with the Podfile.lock. Run 'pod install' or update your CocoaPods installation.\" >&2\n    exit 1\nfi\n# This output is used by Xcode 'outputs' to avoid re-running this script phase.\necho \"SUCCESS\" > \"${SCRIPT_OUTPUT_FILE_0}\"\n";
			showEnvVarsInLog = 0;
		};
		C81C147259E0745B66EC1B0E /* [CP] Embed Pods Frameworks */ = {
			isa = PBXShellScriptBuildPhase;
			buildActionMask = 2147483647;
			files = (
			);
			inputFileListPaths = (
				"${PODS_ROOT}/Target Support Files/Pods-HelloRxSwift-HelloRxSwiftUITests/Pods-HelloRxSwift-HelloRxSwiftUITests-frameworks-${CONFIGURATION}-input-files.xcfilelist",
			);
			name = "[CP] Embed Pods Frameworks";
			outputFileListPaths = (
				"${PODS_ROOT}/Target Support Files/Pods-HelloRxSwift-HelloRxSwiftUITests/Pods-HelloRxSwift-HelloRxSwiftUITests-frameworks-${CONFIGURATION}-output-files.xcfilelist",
			);
			runOnlyForDeploymentPostprocessing = 0;
			shellPath = /bin/sh;
			shellScript = "\"${PODS_ROOT}/Target Support Files/Pods-HelloRxSwift-HelloRxSwiftUITests/Pods-HelloRxSwift-HelloRxSwiftUITests-frameworks.sh\"\n";
			showEnvVarsInLog = 0;
		};
/* End PBXShellScriptBuildPhase section */

/* Begin PBXSourcesBuildPhase section */
		4F97F888267B1BC0001DB8A7 /* Sources */ = {
			isa = PBXSourcesBuildPhase;
			buildActionMask = 2147483647;
			files = (
				4F97F894267B1BC0001DB8A7 /* ViewController.swift in Sources */,
				4F97F890267B1BC0001DB8A7 /* AppDelegate.swift in Sources */,
				4F97F892267B1BC0001DB8A7 /* SceneDelegate.swift in Sources */,
			);
			runOnlyForDeploymentPostprocessing = 0;
		};
		4F97F89E267B1BC2001DB8A7 /* Sources */ = {
			isa = PBXSourcesBuildPhase;
			buildActionMask = 2147483647;
			files = (
				4F97F8A7267B1BC2001DB8A7 /* HelloRxSwiftTests.swift in Sources */,
			);
			runOnlyForDeploymentPostprocessing = 0;
		};
		4F97F8A9267B1BC2001DB8A7 /* Sources */ = {
			isa = PBXSourcesBuildPhase;
			buildActionMask = 2147483647;
			files = (
				4F97F8B2267B1BC2001DB8A7 /* HelloRxSwiftUITests.swift in Sources */,
			);
			runOnlyForDeploymentPostprocessing = 0;
		};
/* End PBXSourcesBuildPhase section */

/* Begin PBXTargetDependency section */
		4F97F8A4267B1BC2001DB8A7 /* PBXTargetDependency */ = {
			isa = PBXTargetDependency;
			target = 4F97F88B267B1BC0001DB8A7 /* HelloRxSwift */;
			targetProxy = 4F97F8A3267B1BC2001DB8A7 /* PBXContainerItemProxy */;
		};
		4F97F8AF267B1BC2001DB8A7 /* PBXTargetDependency */ = {
			isa = PBXTargetDependency;
			target = 4F97F88B267B1BC0001DB8A7 /* HelloRxSwift */;
			targetProxy = 4F97F8AE267B1BC2001DB8A7 /* PBXContainerItemProxy */;
		};
/* End PBXTargetDependency section */

/* Begin PBXVariantGroup section */
		4F97F895267B1BC0001DB8A7 /* Main.storyboard */ = {
			isa = PBXVariantGroup;
			children = (
				4F97F896267B1BC0001DB8A7 /* Base */,
			);
			name = Main.storyboard;
			sourceTree = "<group>";
		};
		4F97F89A267B1BC2001DB8A7 /* LaunchScreen.storyboard */ = {
			isa = PBXVariantGroup;
			children = (
				4F97F89B267B1BC2001DB8A7 /* Base */,
			);
			name = LaunchScreen.storyboard;
			sourceTree = "<group>";
		};
/* End PBXVariantGroup section */

/* Begin XCBuildConfiguration section */
		4F97F8B4267B1BC2001DB8A7 /* Debug */ = {
			isa = XCBuildConfiguration;
			buildSettings = {
				ALWAYS_SEARCH_USER_PATHS = NO;
				CLANG_ANALYZER_NONNULL = YES;
				CLANG_ANALYZER_NUMBER_OBJECT_CONVERSION = YES_AGGRESSIVE;
				CLANG_CXX_LANGUAGE_STANDARD = "gnu++14";
				CLANG_CXX_LIBRARY = "libc++";
				CLANG_ENABLE_MODULES = YES;
				CLANG_ENABLE_OBJC_ARC = YES;
				CLANG_ENABLE_OBJC_WEAK = YES;
				CLANG_WARN_BLOCK_CAPTURE_AUTORELEASING = YES;
				CLANG_WARN_BOOL_CONVERSION = YES;
				CLANG_WARN_COMMA = YES;
				CLANG_WARN_CONSTANT_CONVERSION = YES;
				CLANG_WARN_DEPRECATED_OBJC_IMPLEMENTATIONS = YES;
				CLANG_WARN_DIRECT_OBJC_ISA_USAGE = YES_ERROR;
				CLANG_WARN_DOCUMENTATION_COMMENTS = YES;
				CLANG_WARN_EMPTY_BODY = YES;
				CLANG_WARN_ENUM_CONVERSION = YES;
				CLANG_WARN_INFINITE_RECURSION = YES;
				CLANG_WARN_INT_CONVERSION = YES;
				CLANG_WARN_NON_LITERAL_NULL_CONVERSION = YES;
				CLANG_WARN_OBJC_IMPLICIT_RETAIN_SELF = YES;
				CLANG_WARN_OBJC_LITERAL_CONVERSION = YES;
				CLANG_WARN_OBJC_ROOT_CLASS = YES_ERROR;
				CLANG_WARN_QUOTED_INCLUDE_IN_FRAMEWORK_HEADER = YES;
				CLANG_WARN_RANGE_LOOP_ANALYSIS = YES;
				CLANG_WARN_STRICT_PROTOTYPES = YES;
				CLANG_WARN_SUSPICIOUS_MOVE = YES;
				CLANG_WARN_UNGUARDED_AVAILABILITY = YES_AGGRESSIVE;
				CLANG_WARN_UNREACHABLE_CODE = YES;
				CLANG_WARN__DUPLICATE_METHOD_MATCH = YES;
				COPY_PHASE_STRIP = NO;
				DEBUG_INFORMATION_FORMAT = dwarf;
				ENABLE_STRICT_OBJC_MSGSEND = YES;
				ENABLE_TESTABILITY = YES;
				GCC_C_LANGUAGE_STANDARD = gnu11;
				GCC_DYNAMIC_NO_PIC = NO;
				GCC_NO_COMMON_BLOCKS = YES;
				GCC_OPTIMIZATION_LEVEL = 0;
				GCC_PREPROCESSOR_DEFINITIONS = (
					"DEBUG=1",
					"$(inherited)",
				);
				GCC_WARN_64_TO_32_BIT_CONVERSION = YES;
				GCC_WARN_ABOUT_RETURN_TYPE = YES_ERROR;
				GCC_WARN_UNDECLARED_SELECTOR = YES;
				GCC_WARN_UNINITIALIZED_AUTOS = YES_AGGRESSIVE;
				GCC_WARN_UNUSED_FUNCTION = YES;
				GCC_WARN_UNUSED_VARIABLE = YES;
				IPHONEOS_DEPLOYMENT_TARGET = 14.5;
				MTL_ENABLE_DEBUG_INFO = INCLUDE_SOURCE;
				MTL_FAST_MATH = YES;
				ONLY_ACTIVE_ARCH = YES;
				SDKROOT = iphoneos;
				SWIFT_ACTIVE_COMPILATION_CONDITIONS = DEBUG;
				SWIFT_OPTIMIZATION_LEVEL = "-Onone";
			};
			name = Debug;
		};
		4F97F8B5267B1BC2001DB8A7 /* Release */ = {
			isa = XCBuildConfiguration;
			buildSettings = {
				ALWAYS_SEARCH_USER_PATHS = NO;
				CLANG_ANALYZER_NONNULL = YES;
				CLANG_ANALYZER_NUMBER_OBJECT_CONVERSION = YES_AGGRESSIVE;
				CLANG_CXX_LANGUAGE_STANDARD = "gnu++14";
				CLANG_CXX_LIBRARY = "libc++";
				CLANG_ENABLE_MODULES = YES;
				CLANG_ENABLE_OBJC_ARC = YES;
				CLANG_ENABLE_OBJC_WEAK = YES;
				CLANG_WARN_BLOCK_CAPTURE_AUTORELEASING = YES;
				CLANG_WARN_BOOL_CONVERSION = YES;
				CLANG_WARN_COMMA = YES;
				CLANG_WARN_CONSTANT_CONVERSION = YES;
				CLANG_WARN_DEPRECATED_OBJC_IMPLEMENTATIONS = YES;
				CLANG_WARN_DIRECT_OBJC_ISA_USAGE = YES_ERROR;
				CLANG_WARN_DOCUMENTATION_COMMENTS = YES;
				CLANG_WARN_EMPTY_BODY = YES;
				CLANG_WARN_ENUM_CONVERSION = YES;
				CLANG_WARN_INFINITE_RECURSION = YES;
				CLANG_WARN_INT_CONVERSION = YES;
				CLANG_WARN_NON_LITERAL_NULL_CONVERSION = YES;
				CLANG_WARN_OBJC_IMPLICIT_RETAIN_SELF = YES;
				CLANG_WARN_OBJC_LITERAL_CONVERSION = YES;
				CLANG_WARN_OBJC_ROOT_CLASS = YES_ERROR;
				CLANG_WARN_QUOTED_INCLUDE_IN_FRAMEWORK_HEADER = YES;
				CLANG_WARN_RANGE_LOOP_ANALYSIS = YES;
				CLANG_WARN_STRICT_PROTOTYPES = YES;
				CLANG_WARN_SUSPICIOUS_MOVE = YES;
				CLANG_WARN_UNGUARDED_AVAILABILITY = YES_AGGRESSIVE;
				CLANG_WARN_UNREACHABLE_CODE = YES;
				CLANG_WARN__DUPLICATE_METHOD_MATCH = YES;
				COPY_PHASE_STRIP = NO;
				DEBUG_INFORMATION_FORMAT = "dwarf-with-dsym";
				ENABLE_NS_ASSERTIONS = NO;
				ENABLE_STRICT_OBJC_MSGSEND = YES;
				GCC_C_LANGUAGE_STANDARD = gnu11;
				GCC_NO_COMMON_BLOCKS = YES;
				GCC_WARN_64_TO_32_BIT_CONVERSION = YES;
				GCC_WARN_ABOUT_RETURN_TYPE = YES_ERROR;
				GCC_WARN_UNDECLARED_SELECTOR = YES;
				GCC_WARN_UNINITIALIZED_AUTOS = YES_AGGRESSIVE;
				GCC_WARN_UNUSED_FUNCTION = YES;
				GCC_WARN_UNUSED_VARIABLE = YES;
				IPHONEOS_DEPLOYMENT_TARGET = 14.5;
				MTL_ENABLE_DEBUG_INFO = NO;
				MTL_FAST_MATH = YES;
				SDKROOT = iphoneos;
				SWIFT_COMPILATION_MODE = wholemodule;
				SWIFT_OPTIMIZATION_LEVEL = "-O";
				VALIDATE_PRODUCT = YES;
			};
			name = Release;
		};
		4F97F8B7267B1BC2001DB8A7 /* Debug */ = {
			isa = XCBuildConfiguration;
			baseConfigurationReference = F9CD1186EE5B1EFADABBDD9B /* Pods-HelloRxSwift.debug.xcconfig */;
			buildSettings = {
				ASSETCATALOG_COMPILER_APPICON_NAME = AppIcon;
				ASSETCATALOG_COMPILER_GLOBAL_ACCENT_COLOR_NAME = AccentColor;
				CODE_SIGN_STYLE = Automatic;
				DEVELOPMENT_TEAM = T78LT82SRL;
				INFOPLIST_FILE = HelloRxSwift/Info.plist;
				LD_RUNPATH_SEARCH_PATHS = (
					"$(inherited)",
					"@executable_path/Frameworks",
				);
				PRODUCT_BUNDLE_IDENTIFIER = com.Sakeikura.HelloRxSwift;
				PRODUCT_NAME = "$(TARGET_NAME)";
				SWIFT_VERSION = 5.0;
				TARGETED_DEVICE_FAMILY = "1,2";
			};
			name = Debug;
		};
		4F97F8B8267B1BC2001DB8A7 /* Release */ = {
			isa = XCBuildConfiguration;
			baseConfigurationReference = 447C8AB29ACA414FFE2FD04A /* Pods-HelloRxSwift.release.xcconfig */;
			buildSettings = {
				ASSETCATALOG_COMPILER_APPICON_NAME = AppIcon;
				ASSETCATALOG_COMPILER_GLOBAL_ACCENT_COLOR_NAME = AccentColor;
				CODE_SIGN_STYLE = Automatic;
				DEVELOPMENT_TEAM = T78LT82SRL;
				INFOPLIST_FILE = HelloRxSwift/Info.plist;
				LD_RUNPATH_SEARCH_PATHS = (
					"$(inherited)",
					"@executable_path/Frameworks",
				);
				PRODUCT_BUNDLE_IDENTIFIER = com.Sakeikura.HelloRxSwift;
				PRODUCT_NAME = "$(TARGET_NAME)";
				SWIFT_VERSION = 5.0;
				TARGETED_DEVICE_FAMILY = "1,2";
			};
			name = Release;
		};
		4F97F8BA267B1BC2001DB8A7 /* Debug */ = {
			isa = XCBuildConfiguration;
			baseConfigurationReference = 9B3F9673BAF934BDFD0BEAD8 /* Pods-HelloRxSwiftTests.debug.xcconfig */;
			buildSettings = {
				ALWAYS_EMBED_SWIFT_STANDARD_LIBRARIES = YES;
				BUNDLE_LOADER = "$(TEST_HOST)";
				CODE_SIGN_STYLE = Automatic;
				DEVELOPMENT_TEAM = T78LT82SRL;
				INFOPLIST_FILE = HelloRxSwiftTests/Info.plist;
				IPHONEOS_DEPLOYMENT_TARGET = 14.5;
				LD_RUNPATH_SEARCH_PATHS = (
					"$(inherited)",
					"@executable_path/Frameworks",
					"@loader_path/Frameworks",
				);
				PRODUCT_BUNDLE_IDENTIFIER = com.Sakeikura.HelloRxSwiftTests;
				PRODUCT_NAME = "$(TARGET_NAME)";
				SWIFT_VERSION = 5.0;
				TARGETED_DEVICE_FAMILY = "1,2";
				TEST_HOST = "$(BUILT_PRODUCTS_DIR)/HelloRxSwift.app/HelloRxSwift";
			};
			name = Debug;
		};
		4F97F8BB267B1BC2001DB8A7 /* Release */ = {
			isa = XCBuildConfiguration;
			baseConfigurationReference = ED6DC955578D19EBC683F41C /* Pods-HelloRxSwiftTests.release.xcconfig */;
			buildSettings = {
				ALWAYS_EMBED_SWIFT_STANDARD_LIBRARIES = YES;
				BUNDLE_LOADER = "$(TEST_HOST)";
				CODE_SIGN_STYLE = Automatic;
				DEVELOPMENT_TEAM = T78LT82SRL;
				INFOPLIST_FILE = HelloRxSwiftTests/Info.plist;
				IPHONEOS_DEPLOYMENT_TARGET = 14.5;
				LD_RUNPATH_SEARCH_PATHS = (
					"$(inherited)",
					"@executable_path/Frameworks",
					"@loader_path/Frameworks",
				);
				PRODUCT_BUNDLE_IDENTIFIER = com.Sakeikura.HelloRxSwiftTests;
				PRODUCT_NAME = "$(TARGET_NAME)";
				SWIFT_VERSION = 5.0;
				TARGETED_DEVICE_FAMILY = "1,2";
				TEST_HOST = "$(BUILT_PRODUCTS_DIR)/HelloRxSwift.app/HelloRxSwift";
			};
			name = Release;
		};
		4F97F8BD267B1BC2001DB8A7 /* Debug */ = {
			isa = XCBuildConfiguration;
			baseConfigurationReference = 9C4F26934F933B2C5FD93A46 /* Pods-HelloRxSwift-HelloRxSwiftUITests.debug.xcconfig */;
			buildSettings = {
				ALWAYS_EMBED_SWIFT_STANDARD_LIBRARIES = YES;
				CODE_SIGN_STYLE = Automatic;
				DEVELOPMENT_TEAM = T78LT82SRL;
				INFOPLIST_FILE = HelloRxSwiftUITests/Info.plist;
				LD_RUNPATH_SEARCH_PATHS = (
					"$(inherited)",
					"@executable_path/Frameworks",
					"@loader_path/Frameworks",
				);
				PRODUCT_BUNDLE_IDENTIFIER = com.Sakeikura.HelloRxSwiftUITests;
				PRODUCT_NAME = "$(TARGET_NAME)";
				SWIFT_VERSION = 5.0;
				TARGETED_DEVICE_FAMILY = "1,2";
				TEST_TARGET_NAME = HelloRxSwift;
			};
			name = Debug;
		};
		4F97F8BE267B1BC2001DB8A7 /* Release */ = {
			isa = XCBuildConfiguration;
			baseConfigurationReference = AF16637980B887DCEFE2DFC6 /* Pods-HelloRxSwift-HelloRxSwiftUITests.release.xcconfig */;
			buildSettings = {
				ALWAYS_EMBED_SWIFT_STANDARD_LIBRARIES = YES;
				CODE_SIGN_STYLE = Automatic;
				DEVELOPMENT_TEAM = T78LT82SRL;
				INFOPLIST_FILE = HelloRxSwiftUITests/Info.plist;
				LD_RUNPATH_SEARCH_PATHS = (
					"$(inherited)",
					"@executable_path/Frameworks",
					"@loader_path/Frameworks",
				);
				PRODUCT_BUNDLE_IDENTIFIER = com.Sakeikura.HelloRxSwiftUITests;
				PRODUCT_NAME = "$(TARGET_NAME)";
				SWIFT_VERSION = 5.0;
				TARGETED_DEVICE_FAMILY = "1,2";
				TEST_TARGET_NAME = HelloRxSwift;
			};
			name = Release;
		};
/* End XCBuildConfiguration section */

/* Begin XCConfigurationList section */
		4F97F887267B1BC0001DB8A7 /* Build configuration list for PBXProject "HelloRxSwift" */ = {
			isa = XCConfigurationList;
			buildConfigurations = (
				4F97F8B4267B1BC2001DB8A7 /* Debug */,
				4F97F8B5267B1BC2001DB8A7 /* Release */,
			);
			defaultConfigurationIsVisible = 0;
			defaultConfigurationName = Release;
		};
		4F97F8B6267B1BC2001DB8A7 /* Build configuration list for PBXNativeTarget "HelloRxSwift" */ = {
			isa = XCConfigurationList;
			buildConfigurations = (
				4F97F8B7267B1BC2001DB8A7 /* Debug */,
				4F97F8B8267B1BC2001DB8A7 /* Release */,
			);
			defaultConfigurationIsVisible = 0;
			defaultConfigurationName = Release;
		};
		4F97F8B9267B1BC2001DB8A7 /* Build configuration list for PBXNativeTarget "HelloRxSwiftTests" */ = {
			isa = XCConfigurationList;
			buildConfigurations = (
				4F97F8BA267B1BC2001DB8A7 /* Debug */,
				4F97F8BB267B1BC2001DB8A7 /* Release */,
			);
			defaultConfigurationIsVisible = 0;
			defaultConfigurationName = Release;
		};
		4F97F8BC267B1BC2001DB8A7 /* Build configuration list for PBXNativeTarget "HelloRxSwiftUITests" */ = {
			isa = XCConfigurationList;
			buildConfigurations = (
				4F97F8BD267B1BC2001DB8A7 /* Debug */,
				4F97F8BE267B1BC2001DB8A7 /* Release */,
			);
			defaultConfigurationIsVisible = 0;
			defaultConfigurationName = Release;
		};
/* End XCConfigurationList section */
	};
	rootObject = 4F97F884267B1BC0001DB8A7 /* Project object */;
}
